Microsoft Visual Studio Solution File, Format Version 11.00
# Visual Studio 2008

Project("{582EA911-4545-7F49-3AD7-86C3CCD73DC4}") = "Unity Framework", "Assembly-CSharp.csproj", "{89AC6437-3639-B965-BCBA-5C888719FB08}"
EndProject
Global
	GlobalSection(SolutionConfigurationPlatforms) = preSolution
		Debug|Any CPU = Debug|Any CPU
		Release|Any CPU = Release|Any CPU
	EndGlobalSection
	GlobalSection(ProjectConfigurationPlatforms) = postSolution
		{89AC6437-3639-B965-BCBA-5C888719FB08}.Debug|Any CPU.ActiveCfg = Debug|Any CPU
		{89AC6437-3639-B965-BCBA-5C888719FB08}.Debug|Any CPU.Build.0 = Debug|Any CPU
		{89AC6437-3639-B965-BCBA-5C888719FB08}.Release|Any CPU.ActiveCfg = Release|Any CPU
		{89AC6437-3639-B965-BCBA-5C888719FB08}.Release|Any CPU.Build.0 = Release|Any CPU
	EndGlobalSection
	GlobalSection(SolutionProperties) = preSolution
		HideSolutionNode = FALSE
	EndGlobalSection
	GlobalSection(MonoDevelopProperties) = preSolution
		StartupItem = Assembly-CSharp.csproj
	EndGlobalSection
EndGlobal
